PODS:
  - DateToolsSwift (4.0.0)
  - Dip (7.0.1)
  - Realm (3.13.1):
    - Realm/Headers (= 3.13.1)
  - Realm/Headers (3.13.1)
  - RealmSwift (3.13.1):
    - Realm (= 3.13.1)

DEPENDENCIES:
  - DateToolsSwift
  - Dip
  - RealmSwift

SPEC REPOS:
  https://github.com/cocoapods/specs.git:
    - DateToolsSwift
    - Dip
    - Realm
    - RealmSwift

SPEC CHECKSUMS:
  DateToolsSwift: 875d97ff9e3a5d54abdd67a269b3f51c757b71ab
  Dip: 79509d5dc4f648e10e922ed79c608a7761c52b13
  Realm: 50071da38fe079e0735e47c9f2eae738c68c5996
  RealmSwift: 8a1e6a02b7a08cd17a31e3115143fb69fe5f3fb9

PODFILE CHECKSUM: 867e6da65c09693ccd0ae74da2747aa87d2ac256

COCOAPODS: 1.6.0
