PODS:
  - Dip (7.0.1)
  - Realm (3.13.1):
    - Realm/Headers (= 3.13.1)
  - Realm/Headers (3.13.1)
  - RealmSwift (3.13.1):
    - Realm (= 3.13.1)

DEPENDENCIES:
  - Dip
  - RealmSwift

SPEC REPOS:
  https://github.com/cocoapods/specs.git:
    - Dip
    - Realm
    - RealmSwift

SPEC CHECKSUMS:
  Dip: 79509d5dc4f648e10e922ed79c608a7761c52b13
  Realm: 50071da38fe079e0735e47c9f2eae738c68c5996
  RealmSwift: 8a1e6a02b7a08cd17a31e3115143fb69fe5f3fb9

PODFILE CHECKSUM: e0b17f712ac24594c0d83a2045c83b50136dd392

COCOAPODS: 1.6.0
